
Microsoft Visual Studio Solution File, Format Version 12.00
# Visual Studio Version 16
VisualStudioVersion = 16.0.29905.134
MinimumVisualStudioVersion = 10.0.40219.1
Project("{9A19103F-16F7-4668-BE54-9A1E7A4F7556}") = "Server", "DopplerJobsServer\Server.csproj", "{017A9D5D-2C57-47DA-8A36-C5989EA7C46E}"
EndProject
Project("{2150E333-8FDC-42A3-9474-1A3956D46DE8}") = "Jobs", "Jobs", "{C8E8A187-BD41-4F7E-BB9C-B3F916661B6E}"
EndProject
Project("{2150E333-8FDC-42A3-9474-1A3956D46DE8}") = "Server", "Server", "{C2BF9DB0-A6A7-4756-A4BA-82C175217208}"
EndProject
Project("{9A19103F-16F7-4668-BE54-9A1E7A4F7556}") = "CrossCutting", "CrossCutting\CrossCutting.csproj", "{46EC8E19-4C59-470A-AB81-945DF91EF0A1}"
EndProject
Project("{9A19103F-16F7-4668-BE54-9A1E7A4F7556}") = "Doppler.Jobs.Test", "DopplerJobTest\Doppler.Jobs.Test.csproj", "{7E6BA4AF-24D8-4095-9D98-B38AB58B4751}"
EndProject
Project("{2150E333-8FDC-42A3-9474-1A3956D46DE8}") = "DopplerCurrencyJob", "DopplerCurrencyJob", "{FD37A434-6DD5-4259-900B-ADFB76234EA6}"
EndProject
Project("{9A19103F-16F7-4668-BE54-9A1E7A4F7556}") = "Doppler.Currency.Job", "DopplerCurrencyJob\Doppler.Currency.Job.csproj", "{36615EA9-34FC-4B08-8B1F-C21ACDF97883}"
EndProject
Project("{2150E333-8FDC-42A3-9474-1A3956D46DE8}") = "DopplerBillingJob", "DopplerBillingJob", "{19D911B7-015D-499C-9B46-03C33CED5C35}"
EndProject
Project("{9A19103F-16F7-4668-BE54-9A1E7A4F7556}") = "Doppler.Billing.Job", "DopplerBillingJob\Doppler.Billing.Job.csproj", "{CAF5CCB7-8263-48D6-9292-34777EAC94BA}"
EndProject
Global
	GlobalSection(SolutionConfigurationPlatforms) = preSolution
		Debug|Any CPU = Debug|Any CPU
		Release|Any CPU = Release|Any CPU
	EndGlobalSection
	GlobalSection(ProjectConfigurationPlatforms) = postSolution
		{017A9D5D-2C57-47DA-8A36-C5989EA7C46E}.Debug|Any CPU.ActiveCfg = Debug|Any CPU
		{017A9D5D-2C57-47DA-8A36-C5989EA7C46E}.Debug|Any CPU.Build.0 = Debug|Any CPU
		{017A9D5D-2C57-47DA-8A36-C5989EA7C46E}.Release|Any CPU.ActiveCfg = Release|Any CPU
		{017A9D5D-2C57-47DA-8A36-C5989EA7C46E}.Release|Any CPU.Build.0 = Release|Any CPU
		{46EC8E19-4C59-470A-AB81-945DF91EF0A1}.Debug|Any CPU.ActiveCfg = Debug|Any CPU
		{46EC8E19-4C59-470A-AB81-945DF91EF0A1}.Debug|Any CPU.Build.0 = Debug|Any CPU
		{46EC8E19-4C59-470A-AB81-945DF91EF0A1}.Release|Any CPU.ActiveCfg = Release|Any CPU
		{46EC8E19-4C59-470A-AB81-945DF91EF0A1}.Release|Any CPU.Build.0 = Release|Any CPU
		{7E6BA4AF-24D8-4095-9D98-B38AB58B4751}.Debug|Any CPU.ActiveCfg = Debug|Any CPU
		{7E6BA4AF-24D8-4095-9D98-B38AB58B4751}.Debug|Any CPU.Build.0 = Debug|Any CPU
		{7E6BA4AF-24D8-4095-9D98-B38AB58B4751}.Release|Any CPU.ActiveCfg = Release|Any CPU
		{7E6BA4AF-24D8-4095-9D98-B38AB58B4751}.Release|Any CPU.Build.0 = Release|Any CPU
		{36615EA9-34FC-4B08-8B1F-C21ACDF97883}.Debug|Any CPU.ActiveCfg = Debug|Any CPU
		{36615EA9-34FC-4B08-8B1F-C21ACDF97883}.Debug|Any CPU.Build.0 = Debug|Any CPU
		{36615EA9-34FC-4B08-8B1F-C21ACDF97883}.Release|Any CPU.ActiveCfg = Release|Any CPU
		{36615EA9-34FC-4B08-8B1F-C21ACDF97883}.Release|Any CPU.Build.0 = Release|Any CPU
		{CAF5CCB7-8263-48D6-9292-34777EAC94BA}.Debug|Any CPU.ActiveCfg = Debug|Any CPU
		{CAF5CCB7-8263-48D6-9292-34777EAC94BA}.Debug|Any CPU.Build.0 = Debug|Any CPU
		{CAF5CCB7-8263-48D6-9292-34777EAC94BA}.Release|Any CPU.ActiveCfg = Release|Any CPU
		{CAF5CCB7-8263-48D6-9292-34777EAC94BA}.Release|Any CPU.Build.0 = Release|Any CPU
	EndGlobalSection
	GlobalSection(SolutionProperties) = preSolution
		HideSolutionNode = FALSE
	EndGlobalSection
	GlobalSection(NestedProjects) = preSolution
		{017A9D5D-2C57-47DA-8A36-C5989EA7C46E} = {C2BF9DB0-A6A7-4756-A4BA-82C175217208}
		{FD37A434-6DD5-4259-900B-ADFB76234EA6} = {C8E8A187-BD41-4F7E-BB9C-B3F916661B6E}
		{36615EA9-34FC-4B08-8B1F-C21ACDF97883} = {FD37A434-6DD5-4259-900B-ADFB76234EA6}
		{19D911B7-015D-499C-9B46-03C33CED5C35} = {C8E8A187-BD41-4F7E-BB9C-B3F916661B6E}
		{CAF5CCB7-8263-48D6-9292-34777EAC94BA} = {19D911B7-015D-499C-9B46-03C33CED5C35}
	EndGlobalSection
	GlobalSection(ExtensibilityGlobals) = postSolution
		SolutionGuid = {4CD22888-2930-4C36-A4FD-4CCE20C064AF}
	EndGlobalSection
EndGlobal
